
Microsoft Visual Studio Solution File, Format Version 12.00
Project("{FAE04EC0-301F-11D3-BF4B-00C04F79EFBC}") = "Kevsoft.Quoridor.Console", "src\Kevsoft.Quoridor.Console\Kevsoft.Quoridor.Console.csproj", "{A1A7A13C-1220-4968-86CD-3401E634729F}"
EndProject
Project("{FAE04EC0-301F-11D3-BF4B-00C04F79EFBC}") = "Kevsoft.Quoridor", "src\Kevsoft.Quoridor\Kevsoft.Quoridor.csproj", "{D05E1CB7-39E1-44F3-B441-7D5968F68FD3}"
EndProject
Project("{FAE04EC0-301F-11D3-BF4B-00C04F79EFBC}") = "Kevsoft.Quoridor.Tests", "tests\Kevsoft.Quoridor.Tests\Kevsoft.Quoridor.Tests.csproj", "{A0E46144-6C56-4A9B-8515-4F237C00EF43}"
EndProject
Project("{FAE04EC0-301F-11D3-BF4B-00C04F79EFBC}") = "Kevsoft.Quoridor.BlazorApp", "src\Kevsoft.Quoridor.BlazorApp\Kevsoft.Quoridor.BlazorApp.csproj", "{169F34CB-4182-4F58-9C50-E055DB5BA47B}"
EndProject
Global
	GlobalSection(SolutionConfigurationPlatforms) = preSolution
		Debug|Any CPU = Debug|Any CPU
		Release|Any CPU = Release|Any CPU
	EndGlobalSection
	GlobalSection(ProjectConfigurationPlatforms) = postSolution
		{A1A7A13C-1220-4968-86CD-3401E634729F}.Debug|Any CPU.ActiveCfg = Debug|Any CPU
		{A1A7A13C-1220-4968-86CD-3401E634729F}.Debug|Any CPU.Build.0 = Debug|Any CPU
		{A1A7A13C-1220-4968-86CD-3401E634729F}.Release|Any CPU.ActiveCfg = Release|Any CPU
		{A1A7A13C-1220-4968-86CD-3401E634729F}.Release|Any CPU.Build.0 = Release|Any CPU
		{D05E1CB7-39E1-44F3-B441-7D5968F68FD3}.Debug|Any CPU.ActiveCfg = Debug|Any CPU
		{D05E1CB7-39E1-44F3-B441-7D5968F68FD3}.Debug|Any CPU.Build.0 = Debug|Any CPU
		{D05E1CB7-39E1-44F3-B441-7D5968F68FD3}.Release|Any CPU.ActiveCfg = Release|Any CPU
		{D05E1CB7-39E1-44F3-B441-7D5968F68FD3}.Release|Any CPU.Build.0 = Release|Any CPU
		{A0E46144-6C56-4A9B-8515-4F237C00EF43}.Debug|Any CPU.ActiveCfg = Debug|Any CPU
		{A0E46144-6C56-4A9B-8515-4F237C00EF43}.Debug|Any CPU.Build.0 = Debug|Any CPU
		{A0E46144-6C56-4A9B-8515-4F237C00EF43}.Release|Any CPU.ActiveCfg = Release|Any CPU
		{A0E46144-6C56-4A9B-8515-4F237C00EF43}.Release|Any CPU.Build.0 = Release|Any CPU
		{169F34CB-4182-4F58-9C50-E055DB5BA47B}.Debug|Any CPU.ActiveCfg = Debug|Any CPU
		{169F34CB-4182-4F58-9C50-E055DB5BA47B}.Debug|Any CPU.Build.0 = Debug|Any CPU
		{169F34CB-4182-4F58-9C50-E055DB5BA47B}.Release|Any CPU.ActiveCfg = Release|Any CPU
		{169F34CB-4182-4F58-9C50-E055DB5BA47B}.Release|Any CPU.Build.0 = Release|Any CPU
	EndGlobalSection
EndGlobal
